PODS:
  - Flutter (1.0.0)
  - flutter_riskified (0.2.0-pre):
    - Flutter
    - RiskifiedBeacon (~> 1.2.7)
  - RiskifiedBeacon (1.2.7)

DEPENDENCIES:
  - Flutter (from `Flutter`)
  - flutter_riskified (from `.symlinks/plugins/flutter_riskified/ios`)

SPEC REPOS:
  trunk:
    - RiskifiedBeacon

EXTERNAL SOURCES:
  Flutter:
    :path: Flutter
  flutter_riskified:
    :path: ".symlinks/plugins/flutter_riskified/ios"

SPEC CHECKSUMS:
  Flutter: 0e3d915762c693b495b44d77113d4970485de6ec
  flutter_riskified: 46c32feab08745eea9c75c2cacfb30465875286b
  RiskifiedBeacon: f8b68b96716408b694a697b6c223c88eafae4d32

PODFILE CHECKSUM: 8e679eca47255a8ca8067c4c67aab20e64cb974d

COCOAPODS: 1.10.1
