PODS:
  - Flutter (1.0.0)
  - flutter_riskified (0.3.0-pre):
    - Flutter
    - RiskifiedBeaconXCFramework (~> 1.2.9)
  - RiskifiedBeaconXCFramework (1.2.9)

DEPENDENCIES:
  - Flutter (from `Flutter`)
  - flutter_riskified (from `.symlinks/plugins/flutter_riskified/ios`)

SPEC REPOS:
  trunk:
    - RiskifiedBeaconXCFramework

EXTERNAL SOURCES:
  Flutter:
    :path: Flutter
  flutter_riskified:
    :path: ".symlinks/plugins/flutter_riskified/ios"

SPEC CHECKSUMS:
  Flutter: 50d75fe2f02b26cc09d224853bb45737f8b3214a
  flutter_riskified: 4f2997a9aaeec506d9fa0137e1097220c25b4af7
  RiskifiedBeaconXCFramework: 0f7332e222278705c41e81a47180cbbde5c9ba9c

PODFILE CHECKSUM: 09782433125136be1dbf9ce7ac4d7422bea1525c

COCOAPODS: 1.11.2
